{
  "name": "sonarr-radarr-failed-download-remover",
  "version": "1.0.0",
  "lockfileVersion": 3,
  "requires": true,
  "packages": {
    "": {
      "name": "sonarr-radarr-failed-download-remover",
      "version": "1.0.0",
      "license": "ISC",
      "dependencies": {
        "@jc21/radarr-api": "^0.1.1",
        "@jc21/sonarr-api": "^0.1.1",
        "@robertklep/qbittorrent": "^1.0.1"
      }
    },
    "node_modules/@jc21/radarr-api": {
      "version": "0.1.1",
      "resolved": "https://registry.npmjs.org/@jc21/radarr-api/-/radarr-api-0.1.1.tgz",
      "integrity": "sha512-svcWxjfHERU7fWoxmgShQcs/xffxIcX87lso1PkRWvyvU0ynr6GhqT1RYnvqpH6rQ2srzhvAgAVsC8MdsLRGIg==",
      "dependencies": {
        "@nofrills/http": "^5.0.1"
      }
    },
    "node_modules/@jc21/sonarr-api": {
      "version": "0.1.1",
      "resolved": "https://registry.npmjs.org/@jc21/sonarr-api/-/sonarr-api-0.1.1.tgz",
      "integrity": "sha512-cqPFBrFFf2CnfQaOLk0kF37+cq5Aulovb4Pxs0URfxnylEl8ZXKD3ch679GbMAa6thB/G9wItX+ze49WcXhAVg==",
      "dependencies": {
        "@nofrills/http": "^5.0.1"
      }
    },
    "node_modules/@nofrills/collections": {
      "version": "4.0.8",
      "resolved": "https://registry.npmjs.org/@nofrills/collections/-/collections-4.0.8.tgz",
      "integrity": "sha512-w/rZjhtmjJt9jb7kAhiRyA5WwaX8K7+qSdo2EEVqAfEdqRCXcwSIhKeUI+ule1xUnw4P+c0b9AZf+nvJkGRLvQ==",
      "peer": true
    },
    "node_modules/@nofrills/http": {
      "version": "5.0.1",
      "resolved": "https://registry.npmjs.org/@nofrills/http/-/http-5.0.1.tgz",
      "integrity": "sha512-Gti3qAt8pMfsVyUkYNzlJk5YNrRlrWkxNY5ioDTCHod7fQ1TPxozAJ0JGOK1e32SMoR/MKp9cLdocdKn3RzbTQ==",
      "dependencies": {
        "@nofrills/lincoln-debug": "^5.0.1",
        "@nofrills/scrubs": "^5.0.1",
        "isomorphic-fetch": "^2.2.1"
      }
    },
    "node_modules/@nofrills/lincoln": {
      "version": "4.0.8",
      "resolved": "https://registry.npmjs.org/@nofrills/lincoln/-/lincoln-4.0.8.tgz",
      "integrity": "sha512-t9l5W18PKa4UASNJ85u5d84/PU27oEF93zJFqb9VmZ0GaZ6hZwNJ1wruKdrfmyyTYSSkIJ5XLr56/FXZ88EsLA==",
      "peer": true,
      "dependencies": {
        "@nofrills/collections": "^4.0.8",
        "uuidjs": "^4.0.3"
      }
    },
    "node_modules/@nofrills/lincoln-debug": {
      "version": "5.0.1",
      "resolved": "https://registry.npmjs.org/@nofrills/lincoln-debug/-/lincoln-debug-5.0.1.tgz",
      "integrity": "sha512-ZFm0HMYQ5IXP5GAefkJh184V+x+/BY+/vZ3v1Kb0FSF1IuacJF8ttikctG6UO3Vvi9PGcDh+bjwlSlyNbqXbWQ==",
      "dependencies": {
        "@nofrills/collections": "^5.0.1",
        "debug": "^4.1.1"
      },
      "peerDependencies": {
        "@nofrills/lincoln": "^4.0.5",
        "debug": "^4.1.0"
      }
    },
    "node_modules/@nofrills/lincoln-debug/node_modules/@nofrills/collections": {
      "version": "5.0.1",
      "resolved": "https://registry.npmjs.org/@nofrills/collections/-/collections-5.0.1.tgz",
      "integrity": "sha512-X8WaS6rbdMhv5FGPKiumgrMhLFUBQgYcE2fSxo6g3v/CjHFcoQ1CPLFFz4PcQZO1PLwpmpUpRC1lLV87TfYxwQ=="
    },
    "node_modules/@nofrills/scrubs": {
      "version": "5.0.1",
      "resolved": "https://registry.npmjs.org/@nofrills/scrubs/-/scrubs-5.0.1.tgz",
      "integrity": "sha512-3juOhEFzc/P59uO8DuU9vsXBw7H+HUWre/S9LSLW20Ykgt7uFixV25WMa9kYpZbixjXu+SYWXDvIN+RC5Px3CQ==",
      "dependencies": {
        "@nofrills/lincoln-debug": "^5.0.1",
        "@nofrills/types": "^4.0.7",
        "deepmerge": "^3.3.0"
      },
      "peerDependencies": {
        "@nofrills/lincoln": "^4.0.5"
      }
    },
    "node_modules/@nofrills/types": {
      "version": "4.0.8",
      "resolved": "https://registry.npmjs.org/@nofrills/types/-/types-4.0.8.tgz",
      "integrity": "sha512-dnoWJAiVkC3V759m+E/jVwwGLS/5BwD5cDOwUWoRMHk6fT+AINuXrgPQNoPvolDL3CvmBZaDqFcMhQzAESVvDg==",
      "dependencies": {
        "deepmerge": "^3.3.0",
        "validator": "^11.0.0",
        "zipcodes-regex": "^1.0.2"
      }
    },
    "node_modules/@robertklep/qbittorrent": {
      "version": "1.0.1",
      "resolved": "https://registry.npmjs.org/@robertklep/qbittorrent/-/qbittorrent-1.0.1.tgz",
      "integrity": "sha512-XQDKXN8sVGAIoZa+ZeGA+2p1HlQ2QPkfOtq9CL6za1qYsX2aLakkFVB7n4+ifaQoMvtV7l3RWqa/0lKwoUGR2Q==",
      "dependencies": {
        "needle": "^3.0.0"
      }
    },
    "node_modules/debug": {
      "version": "4.3.4",
      "resolved": "https://registry.npmjs.org/debug/-/debug-4.3.4.tgz",
      "integrity": "sha512-PRWFHuSU3eDtQJPvnNY7Jcket1j0t5OuOsFzPPzsekD52Zl8qUfFIPEiswXqIvHWGVHOgX+7G/vCNNhehwxfkQ==",
      "dependencies": {
        "ms": "2.1.2"
      },
      "engines": {
        "node": ">=6.0"
      },
      "peerDependenciesMeta": {
        "supports-color": {
          "optional": true
        }
      }
    },
    "node_modules/deepmerge": {
      "version": "3.3.0",
      "resolved": "https://registry.npmjs.org/deepmerge/-/deepmerge-3.3.0.tgz",
      "integrity": "sha512-GRQOafGHwMHpjPx9iCvTgpu9NojZ49q794EEL94JVEw6VaeA8XTUyBKvAkOOjBX9oJNiV6G3P+T+tihFjo2TqA==",
      "engines": {
        "node": ">=0.10.0"
      }
    },
    "node_modules/encoding": {
      "version": "0.1.13",
      "resolved": "https://registry.npmjs.org/encoding/-/encoding-0.1.13.tgz",
      "integrity": "sha512-ETBauow1T35Y/WZMkio9jiM0Z5xjHHmJ4XmjZOq1l/dXz3lr2sRn87nJy20RupqSh1F2m3HHPSp8ShIPQJrJ3A==",
      "dependencies": {
        "iconv-lite": "^0.6.2"
      }
    },
    "node_modules/iconv-lite": {
      "version": "0.6.3",
      "resolved": "https://registry.npmjs.org/iconv-lite/-/iconv-lite-0.6.3.tgz",
      "integrity": "sha512-4fCk79wshMdzMp2rH06qWrJE4iolqLhCUH+OiuIgU++RB0+94NlDL81atO7GX55uUKueo0txHNtvEyI6D7WdMw==",
      "dependencies": {
        "safer-buffer": ">= 2.1.2 < 3.0.0"
      },
      "engines": {
        "node": ">=0.10.0"
      }
    },
    "node_modules/is-stream": {
      "version": "1.1.0",
      "resolved": "https://registry.npmjs.org/is-stream/-/is-stream-1.1.0.tgz",
      "integrity": "sha512-uQPm8kcs47jx38atAcWTVxyltQYoPT68y9aWYdV6yWXSyW8mzSat0TL6CiWdZeCdF3KrAvpVtnHbTv4RN+rqdQ==",
      "engines": {
        "node": ">=0.10.0"
      }
    },
    "node_modules/isomorphic-fetch": {
      "version": "2.2.1",
      "resolved": "https://registry.npmjs.org/isomorphic-fetch/-/isomorphic-fetch-2.2.1.tgz",
      "integrity": "sha512-9c4TNAKYXM5PRyVcwUZrF3W09nQ+sO7+jydgs4ZGW9dhsLG2VOlISJABombdQqQRXCwuYG3sYV/puGf5rp0qmA==",
      "dependencies": {
        "node-fetch": "^1.0.1",
        "whatwg-fetch": ">=0.10.0"
      }
    },
    "node_modules/ms": {
      "version": "2.1.2",
      "resolved": "https://registry.npmjs.org/ms/-/ms-2.1.2.tgz",
      "integrity": "sha512-sGkPx+VjMtmA6MX27oA4FBFELFCZZ4S4XqeGOXCv68tT+jb3vk/RyaKWP0PTKyWtmLSM0b+adUTEvbs1PEaH2w=="
    },
    "node_modules/needle": {
      "version": "3.3.1",
      "resolved": "https://registry.npmjs.org/needle/-/needle-3.3.1.tgz",
      "integrity": "sha512-6k0YULvhpw+RoLNiQCRKOl09Rv1dPLr8hHnVjHqdolKwDrdNyk+Hmrthi4lIGPPz3r39dLx0hsF5s40sZ3Us4Q==",
      "dependencies": {
        "iconv-lite": "^0.6.3",
        "sax": "^1.2.4"
      },
      "bin": {
        "needle": "bin/needle"
      },
      "engines": {
        "node": ">= 4.4.x"
      }
    },
    "node_modules/node-fetch": {
      "version": "1.7.3",
      "resolved": "https://registry.npmjs.org/node-fetch/-/node-fetch-1.7.3.tgz",
      "integrity": "sha512-NhZ4CsKx7cYm2vSrBAr2PvFOe6sWDf0UYLRqA6svUYg7+/TSfVAu49jYC4BvQ4Sms9SZgdqGBgroqfDhJdTyKQ==",
      "dependencies": {
        "encoding": "^0.1.11",
        "is-stream": "^1.0.1"
      }
    },
    "node_modules/safer-buffer": {
      "version": "2.1.2",
      "resolved": "https://registry.npmjs.org/safer-buffer/-/safer-buffer-2.1.2.tgz",
      "integrity": "sha512-YZo3K82SD7Riyi0E1EQPojLz7kpepnSQI9IyPbHHg1XXXevb5dJI7tpyN2ADxGcQbHG7vcyRHk0cbwqcQriUtg=="
    },
    "node_modules/sax": {
      "version": "1.3.0",
      "resolved": "https://registry.npmjs.org/sax/-/sax-1.3.0.tgz",
      "integrity": "sha512-0s+oAmw9zLl1V1cS9BtZN7JAd0cW5e0QH4W3LWEK6a4LaLEA2OTpGYWDY+6XasBLtz6wkm3u1xRw95mRuJ59WA=="
    },
    "node_modules/uuidjs": {
      "version": "4.2.13",
      "resolved": "https://registry.npmjs.org/uuidjs/-/uuidjs-4.2.13.tgz",
      "integrity": "sha512-at5lwiJ7pvO+mBy/qZU1IUKzZzVoN2hRHu0FGrmasLG/vQQIcaqbvP+JJshHeEi0mqmfz68Ugqlgvz7QkLdsqg==",
      "peer": true,
      "bin": {
        "uuidjs": "bin/cli.js"
      }
    },
    "node_modules/validator": {
      "version": "11.1.0",
      "resolved": "https://registry.npmjs.org/validator/-/validator-11.1.0.tgz",
      "integrity": "sha512-qiQ5ktdO7CD6C/5/mYV4jku/7qnqzjrxb3C/Q5wR3vGGinHTgJZN/TdFT3ZX4vXhX2R1PXx42fB1cn5W+uJ4lg==",
      "engines": {
        "node": ">= 0.10"
      }
    },
    "node_modules/whatwg-fetch": {
      "version": "3.6.20",
      "resolved": "https://registry.npmjs.org/whatwg-fetch/-/whatwg-fetch-3.6.20.tgz",
      "integrity": "sha512-EqhiFU6daOA8kpjOWTL0olhVOF3i7OrFzSYiGsEMB8GcXS+RrzauAERX65xMeNWVqxA6HXH2m69Z9LaKKdisfg=="
    },
    "node_modules/zipcodes-regex": {
      "version": "1.0.3",
      "resolved": "https://registry.npmjs.org/zipcodes-regex/-/zipcodes-regex-1.0.3.tgz",
      "integrity": "sha512-ZZeokzfcmQDpu3nSDv6LqIcfsrsh5tlgpFeQdtzxlZupoMjxLwE9H5mZur/RBHsZdMwv6l2aELTLVq1lXCwURA=="
    }
  }
}
